<<<<<<< Updated upstream
<<<<<<< HEAD
Last acquired by C:\Users\chiba\flutter\bin\cache\dart-sdk\bin\dart.exe (pid 11792) running file:///C:/Users/chiba/flutter/bin/cache/flutter_tools.snapshot on 2026-08-12 23:57:54.453768.
=======
Last acquired by C:\Users\Admin\develop\flutter\bin\cache\dart-sdk\bin\dart.exe (pid 25972) running file:///C:/Users/Admin/develop/flutter/bin/cache/flutter_tools.snapshot on 2026-10-01 20:06:49.586424.
>>>>>>> 8020cfb (feat: AI Coach fallback chain + rule-based V2 + usage tracking)
=======
<<<<<<< Updated upstream
Last acquired by C:\Users\Admin\develop\flutter\bin\cache\dart-sdk\bin\dart.exe (pid 5176) running file:///C:/Users/Admin/develop/flutter/bin/cache/flutter_tools.snapshot on 2026-08-14 12:31:50.459971.
=======
Last acquired by C:\Users\chiba\flutter\bin\cache\dart-sdk\bin\dart.exe (pid 26500) running file:///C:/Users/chiba/flutter/bin/cache/flutter_tools.snapshot on 2026-10-08 15:46:03.621887.
>>>>>>> Stashed changes
>>>>>>> Stashed changes
